
Microsoft Visual Studio Solution File, Format Version 12.00
# Visual Studio Version 17
VisualStudioVersion = 17.2.32317.152
MinimumVisualStudioVersion = 10.0.40219.1
Project("{FAE04EC0-301F-11D3-BF4B-00C04F79EFBC}") = "NullLib.GoCqHttpSdk", "GoCqHttp.Sdk\NullLib.GoCqHttpSdk.csproj", "{5E3EDE9B-B63F-47BE-8550-1157D1EB70FA}"
EndProject
Project("{FAE04EC0-301F-11D3-BF4B-00C04F79EFBC}") = "TestConsole", "TestConsole\TestConsole.csproj", "{4294F893-450D-48D7-A1BA-538BF0A1429B}"
EndProject
Global
	GlobalSection(SolutionConfigurationPlatforms) = preSolution
		Debug|Any CPU = Debug|Any CPU
		Release|Any CPU = Release|Any CPU
	EndGlobalSection
	GlobalSection(ProjectConfigurationPlatforms) = postSolution
		{5E3EDE9B-B63F-47BE-8550-1157D1EB70FA}.Debug|Any CPU.ActiveCfg = Debug|Any CPU
		{5E3EDE9B-B63F-47BE-8550-1157D1EB70FA}.Debug|Any CPU.Build.0 = Debug|Any CPU
		{5E3EDE9B-B63F-47BE-8550-1157D1EB70FA}.Release|Any CPU.ActiveCfg = Release|Any CPU
		{5E3EDE9B-B63F-47BE-8550-1157D1EB70FA}.Release|Any CPU.Build.0 = Release|Any CPU
		{4294F893-450D-48D7-A1BA-538BF0A1429B}.Debug|Any CPU.ActiveCfg = Debug|Any CPU
		{4294F893-450D-48D7-A1BA-538BF0A1429B}.Debug|Any CPU.Build.0 = Debug|Any CPU
		{4294F893-450D-48D7-A1BA-538BF0A1429B}.Release|Any CPU.ActiveCfg = Release|Any CPU
		{4294F893-450D-48D7-A1BA-538BF0A1429B}.Release|Any CPU.Build.0 = Release|Any CPU
	EndGlobalSection
	GlobalSection(SolutionProperties) = preSolution
		HideSolutionNode = FALSE
	EndGlobalSection
	GlobalSection(ExtensibilityGlobals) = postSolution
		SolutionGuid = {B77B371D-F282-4E42-800E-90B381BA0354}
	EndGlobalSection
EndGlobal
